
Microsoft Visual Studio Solution File, Format Version 12.00
# Visual Studio 15
VisualStudioVersion = 15.0.27703.2026
MinimumVisualStudioVersion = 10.0.40219.1
Project("{FAE04EC0-301F-11D3-BF4B-00C04F79EFBC}") = "rpi-gpio-client", "rpi-gpio-client\rpi-gpio-client.csproj", "{ED1040BB-2E2C-4E70-B60D-5CD4BA8E31A3}"
EndProject
Project("{FAE04EC0-301F-11D3-BF4B-00C04F79EFBC}") = "rpi-gpio-api-wrapper", "rpi-gpio-api-wrapper\rpi-gpio-api-wrapper.csproj", "{3EC62BE8-5313-4D33-96E2-4C1147A31A00}"
EndProject
Global
	GlobalSection(SolutionConfigurationPlatforms) = preSolution
		Debug|Any CPU = Debug|Any CPU
		Release|Any CPU = Release|Any CPU
	EndGlobalSection
	GlobalSection(ProjectConfigurationPlatforms) = postSolution
		{ED1040BB-2E2C-4E70-B60D-5CD4BA8E31A3}.Debug|Any CPU.ActiveCfg = Debug|Any CPU
		{ED1040BB-2E2C-4E70-B60D-5CD4BA8E31A3}.Debug|Any CPU.Build.0 = Debug|Any CPU
		{ED1040BB-2E2C-4E70-B60D-5CD4BA8E31A3}.Release|Any CPU.ActiveCfg = Release|Any CPU
		{ED1040BB-2E2C-4E70-B60D-5CD4BA8E31A3}.Release|Any CPU.Build.0 = Release|Any CPU
		{3EC62BE8-5313-4D33-96E2-4C1147A31A00}.Debug|Any CPU.ActiveCfg = Debug|Any CPU
		{3EC62BE8-5313-4D33-96E2-4C1147A31A00}.Debug|Any CPU.Build.0 = Debug|Any CPU
		{3EC62BE8-5313-4D33-96E2-4C1147A31A00}.Release|Any CPU.ActiveCfg = Release|Any CPU
		{3EC62BE8-5313-4D33-96E2-4C1147A31A00}.Release|Any CPU.Build.0 = Release|Any CPU
	EndGlobalSection
	GlobalSection(SolutionProperties) = preSolution
		HideSolutionNode = FALSE
	EndGlobalSection
	GlobalSection(ExtensibilityGlobals) = postSolution
		SolutionGuid = {ED1F027F-76E1-4297-B655-B50999C08379}
	EndGlobalSection
EndGlobal
